
Microsoft Visual Studio Solution File, Format Version 12.00
# Visual Studio Version 17
VisualStudioVersion = 17.8.34511.84
MinimumVisualStudioVersion = 10.0.40219.1
Project("{FAE04EC0-301F-11D3-BF4B-00C04F79EFBC}") = "study_mvc", "study_mvc\study_mvc.csproj", "{9097A1A9-F1FF-4663-AC5B-5BB1633D5D8E}"
EndProject
Global
	GlobalSection(SolutionConfigurationPlatforms) = preSolution
		Debug|Any CPU = Debug|Any CPU
		Release|Any CPU = Release|Any CPU
	EndGlobalSection
	GlobalSection(ProjectConfigurationPlatforms) = postSolution
		{9097A1A9-F1FF-4663-AC5B-5BB1633D5D8E}.Debug|Any CPU.ActiveCfg = Debug|Any CPU
		{9097A1A9-F1FF-4663-AC5B-5BB1633D5D8E}.Debug|Any CPU.Build.0 = Debug|Any CPU
		{9097A1A9-F1FF-4663-AC5B-5BB1633D5D8E}.Release|Any CPU.ActiveCfg = Release|Any CPU
		{9097A1A9-F1FF-4663-AC5B-5BB1633D5D8E}.Release|Any CPU.Build.0 = Release|Any CPU
	EndGlobalSection
	GlobalSection(SolutionProperties) = preSolution
		HideSolutionNode = FALSE
	EndGlobalSection
	GlobalSection(ExtensibilityGlobals) = postSolution
		SolutionGuid = {177CB826-626F-49EB-A6F3-5623954847C2}
	EndGlobalSection
EndGlobal
